
Microsoft Visual Studio Solution File, Format Version 12.00
# Visual Studio Version 16
VisualStudioVersion = 16.0.29519.87
MinimumVisualStudioVersion = 10.0.40219.1
Project("{FAE04EC0-301F-11D3-BF4B-00C04F79EFBC}") = "WebApiAuthentication", "WebApiAuthentication\WebApiAuthentication.csproj", "{D556B9B6-D64E-4411-8F32-16CCE0C2E09A}"
EndProject
Global
	GlobalSection(SolutionConfigurationPlatforms) = preSolution
		Debug|Any CPU = Debug|Any CPU
		Release|Any CPU = Release|Any CPU
	EndGlobalSection
	GlobalSection(ProjectConfigurationPlatforms) = postSolution
		{D556B9B6-D64E-4411-8F32-16CCE0C2E09A}.Debug|Any CPU.ActiveCfg = Debug|Any CPU
		{D556B9B6-D64E-4411-8F32-16CCE0C2E09A}.Debug|Any CPU.Build.0 = Debug|Any CPU
		{D556B9B6-D64E-4411-8F32-16CCE0C2E09A}.Release|Any CPU.ActiveCfg = Release|Any CPU
		{D556B9B6-D64E-4411-8F32-16CCE0C2E09A}.Release|Any CPU.Build.0 = Release|Any CPU
	EndGlobalSection
	GlobalSection(SolutionProperties) = preSolution
		HideSolutionNode = FALSE
	EndGlobalSection
	GlobalSection(ExtensibilityGlobals) = postSolution
		SolutionGuid = {A6651DB4-2AEA-451A-8998-69255434B052}
	EndGlobalSection
EndGlobal
